
Microsoft Visual Studio Solution File, Format Version 12.00
# Visual Studio Version 17
VisualStudioVersion = 17.6.33829.357
MinimumVisualStudioVersion = 10.0.40219.1
Project("{FAE04EC0-301F-11D3-BF4B-00C04F79EFBC}") = "Csharp-Frmlogin", "Csharp-Frmlogin.csproj", "{55A96EBE-A206-4A02-84AC-86E5CD4F77A0}"
EndProject
Global
	GlobalSection(SolutionConfigurationPlatforms) = preSolution
		Debug|Any CPU = Debug|Any CPU
		Release|Any CPU = Release|Any CPU
	EndGlobalSection
	GlobalSection(ProjectConfigurationPlatforms) = postSolution
		{55A96EBE-A206-4A02-84AC-86E5CD4F77A0}.Debug|Any CPU.ActiveCfg = Debug|Any CPU
		{55A96EBE-A206-4A02-84AC-86E5CD4F77A0}.Debug|Any CPU.Build.0 = Debug|Any CPU
		{55A96EBE-A206-4A02-84AC-86E5CD4F77A0}.Release|Any CPU.ActiveCfg = Release|Any CPU
		{55A96EBE-A206-4A02-84AC-86E5CD4F77A0}.Release|Any CPU.Build.0 = Release|Any CPU
	EndGlobalSection
	GlobalSection(SolutionProperties) = preSolution
		HideSolutionNode = FALSE
	EndGlobalSection
	GlobalSection(ExtensibilityGlobals) = postSolution
		SolutionGuid = {3598B857-9BDC-4425-98B6-1B90DDA3E348}
	EndGlobalSection
EndGlobal
